
Microsoft Visual Studio Solution File, Format Version 12.00
# Visual Studio 15
VisualStudioVersion = 15.0.26403.7
MinimumVisualStudioVersion = 10.0.40219.1
Project("{FAE04EC0-301F-11D3-BF4B-00C04F79EFBC}") = "AutoUpdater.NET", "AutoUpdater.NET\AutoUpdater.NET.csproj", "{FB9E7E6B-B19F-4F37-A708-2996190CEF13}"
	ProjectSection(ProjectDependencies) = postProject
		{91DE558C-6DB8-429B-A069-C0491DCFF15B} = {91DE558C-6DB8-429B-A069-C0491DCFF15B}
	EndProjectSection
EndProject
Project("{FAE04EC0-301F-11D3-BF4B-00C04F79EFBC}") = "AutoUpdaterTest", "AutoUpdaterTest\AutoUpdaterTest.csproj", "{FD5AE762-C630-49F8-B814-FCF70E7838D1}"
EndProject
Project("{FAE04EC0-301F-11D3-BF4B-00C04F79EFBC}") = "ZipExtractor", "ZipExtractor\ZipExtractor.csproj", "{91DE558C-6DB8-429B-A069-C0491DCFF15B}"
EndProject
Project("{FAE04EC0-301F-11D3-BF4B-00C04F79EFBC}") = "AutoUpdaterTestWPF", "AutoUpdaterTestWPF\AutoUpdaterTestWPF.csproj", "{9AEE4F21-5ED5-4C7E-9249-8A680123B5E3}"
EndProject
Global
	GlobalSection(SolutionConfigurationPlatforms) = preSolution
		Debug|Any CPU = Debug|Any CPU
		Debug-NET35|Any CPU = Debug-NET35|Any CPU
		Debug-NET40|Any CPU = Debug-NET40|Any CPU
		Release|Any CPU = Release|Any CPU
		Release-NET35|Any CPU = Release-NET35|Any CPU
		Release-NET40|Any CPU = Release-NET40|Any CPU
	EndGlobalSection
	GlobalSection(ProjectConfigurationPlatforms) = postSolution
		{FB9E7E6B-B19F-4F37-A708-2996190CEF13}.Debug|Any CPU.ActiveCfg = Debug|Any CPU
		{FB9E7E6B-B19F-4F37-A708-2996190CEF13}.Debug|Any CPU.Build.0 = Debug|Any CPU
		{FB9E7E6B-B19F-4F37-A708-2996190CEF13}.Debug-NET35|Any CPU.ActiveCfg = Debug-NET35|Any CPU
		{FB9E7E6B-B19F-4F37-A708-2996190CEF13}.Debug-NET35|Any CPU.Build.0 = Debug-NET35|Any CPU
		{FB9E7E6B-B19F-4F37-A708-2996190CEF13}.Debug-NET40|Any CPU.ActiveCfg = Debug-NET40|Any CPU
		{FB9E7E6B-B19F-4F37-A708-2996190CEF13}.Debug-NET40|Any CPU.Build.0 = Debug-NET40|Any CPU
		{FB9E7E6B-B19F-4F37-A708-2996190CEF13}.Release|Any CPU.ActiveCfg = Release|Any CPU
		{FB9E7E6B-B19F-4F37-A708-2996190CEF13}.Release|Any CPU.Build.0 = Release|Any CPU
		{FB9E7E6B-B19F-4F37-A708-2996190CEF13}.Release-NET35|Any CPU.ActiveCfg = Release-NET35|Any CPU
		{FB9E7E6B-B19F-4F37-A708-2996190CEF13}.Release-NET35|Any CPU.Build.0 = Release-NET35|Any CPU
		{FB9E7E6B-B19F-4F37-A708-2996190CEF13}.Release-NET40|Any CPU.ActiveCfg = Release-NET40|Any CPU
		{FB9E7E6B-B19F-4F37-A708-2996190CEF13}.Release-NET40|Any CPU.Build.0 = Release-NET40|Any CPU
		{FD5AE762-C630-49F8-B814-FCF70E7838D1}.Debug|Any CPU.ActiveCfg = Debug|Any CPU
		{FD5AE762-C630-49F8-B814-FCF70E7838D1}.Debug|Any CPU.Build.0 = Debug|Any CPU
		{FD5AE762-C630-49F8-B814-FCF70E7838D1}.Debug-NET35|Any CPU.ActiveCfg = Debug|Any CPU
		{FD5AE762-C630-49F8-B814-FCF70E7838D1}.Debug-NET35|Any CPU.Build.0 = Debug|Any CPU
		{FD5AE762-C630-49F8-B814-FCF70E7838D1}.Debug-NET40|Any CPU.ActiveCfg = Debug|Any CPU
		{FD5AE762-C630-49F8-B814-FCF70E7838D1}.Debug-NET40|Any CPU.Build.0 = Debug|Any CPU
		{FD5AE762-C630-49F8-B814-FCF70E7838D1}.Release|Any CPU.ActiveCfg = Release|Any CPU
		{FD5AE762-C630-49F8-B814-FCF70E7838D1}.Release|Any CPU.Build.0 = Release|Any CPU
		{FD5AE762-C630-49F8-B814-FCF70E7838D1}.Release-NET35|Any CPU.ActiveCfg = Release|Any CPU
		{FD5AE762-C630-49F8-B814-FCF70E7838D1}.Release-NET35|Any CPU.Build.0 = Release|Any CPU
		{FD5AE762-C630-49F8-B814-FCF70E7838D1}.Release-NET40|Any CPU.ActiveCfg = Release|Any CPU
		{FD5AE762-C630-49F8-B814-FCF70E7838D1}.Release-NET40|Any CPU.Build.0 = Release|Any CPU
		{91DE558C-6DB8-429B-A069-C0491DCFF15B}.Debug|Any CPU.ActiveCfg = Debug|Any CPU
		{91DE558C-6DB8-429B-A069-C0491DCFF15B}.Debug|Any CPU.Build.0 = Debug|Any CPU
		{91DE558C-6DB8-429B-A069-C0491DCFF15B}.Debug-NET35|Any CPU.ActiveCfg = Debug-NET35|Any CPU
		{91DE558C-6DB8-429B-A069-C0491DCFF15B}.Debug-NET35|Any CPU.Build.0 = Debug-NET35|Any CPU
		{91DE558C-6DB8-429B-A069-C0491DCFF15B}.Debug-NET40|Any CPU.ActiveCfg = Debug-NET40|Any CPU
		{91DE558C-6DB8-429B-A069-C0491DCFF15B}.Debug-NET40|Any CPU.Build.0 = Debug-NET40|Any CPU
		{91DE558C-6DB8-429B-A069-C0491DCFF15B}.Release|Any CPU.ActiveCfg = Release|Any CPU
		{91DE558C-6DB8-429B-A069-C0491DCFF15B}.Release|Any CPU.Build.0 = Release|Any CPU
		{91DE558C-6DB8-429B-A069-C0491DCFF15B}.Release-NET35|Any CPU.ActiveCfg = Release-NET35|Any CPU
		{91DE558C-6DB8-429B-A069-C0491DCFF15B}.Release-NET35|Any CPU.Build.0 = Release-NET35|Any CPU
		{91DE558C-6DB8-429B-A069-C0491DCFF15B}.Release-NET40|Any CPU.ActiveCfg = Release-NET40|Any CPU
		{91DE558C-6DB8-429B-A069-C0491DCFF15B}.Release-NET40|Any CPU.Build.0 = Release-NET40|Any CPU
		{9AEE4F21-5ED5-4C7E-9249-8A680123B5E3}.Debug|Any CPU.ActiveCfg = Debug|Any CPU
		{9AEE4F21-5ED5-4C7E-9249-8A680123B5E3}.Debug|Any CPU.Build.0 = Debug|Any CPU
		{9AEE4F21-5ED5-4C7E-9249-8A680123B5E3}.Debug-NET35|Any CPU.ActiveCfg = Debug|Any CPU
		{9AEE4F21-5ED5-4C7E-9249-8A680123B5E3}.Debug-NET35|Any CPU.Build.0 = Debug|Any CPU
		{9AEE4F21-5ED5-4C7E-9249-8A680123B5E3}.Debug-NET40|Any CPU.ActiveCfg = Debug|Any CPU
		{9AEE4F21-5ED5-4C7E-9249-8A680123B5E3}.Debug-NET40|Any CPU.Build.0 = Debug|Any CPU
		{9AEE4F21-5ED5-4C7E-9249-8A680123B5E3}.Release|Any CPU.ActiveCfg = Release|Any CPU
		{9AEE4F21-5ED5-4C7E-9249-8A680123B5E3}.Release|Any CPU.Build.0 = Release|Any CPU
		{9AEE4F21-5ED5-4C7E-9249-8A680123B5E3}.Release-NET35|Any CPU.ActiveCfg = Release|Any CPU
		{9AEE4F21-5ED5-4C7E-9249-8A680123B5E3}.Release-NET35|Any CPU.Build.0 = Release|Any CPU
		{9AEE4F21-5ED5-4C7E-9249-8A680123B5E3}.Release-NET40|Any CPU.ActiveCfg = Release|Any CPU
		{9AEE4F21-5ED5-4C7E-9249-8A680123B5E3}.Release-NET40|Any CPU.Build.0 = Release|Any CPU
	EndGlobalSection
	GlobalSection(SolutionProperties) = preSolution
		HideSolutionNode = FALSE
	EndGlobalSection
	GlobalSection(ExtensibilityGlobals) = postSolution
		SolutionGuid = {75C1F7DD-ECF1-4859-8379-89B62DF2516C}
	EndGlobalSection
	GlobalSection(SubversionScc) = preSolution
		Svn-Managed = True
		Manager = AnkhSVN - Subversion Support for Visual Studio
	EndGlobalSection
EndGlobal
